// !$*UTF8*$!
{
	archiveVersion = 1;
	classes = {
	};
	objectVersion = 56;
	objects = {

/* Begin PBXBuildFile section */
		649400E929D30E0C00E82F7A /* AppDelegate.swift in Sources */ = {isa = PBXBuildFile; fileRef = 649400E829D30E0C00E82F7A /* AppDelegate.swift */; };
		649400EB29D30E0C00E82F7A /* SceneDelegate.swift in Sources */ = {isa = PBXBuildFile; fileRef = 649400EA29D30E0C00E82F7A /* SceneDelegate.swift */; };
		649400ED29D30E0C00E82F7A /* ViewController.swift in Sources */ = {isa = PBXBuildFile; fileRef = 649400EC29D30E0C00E82F7A /* ViewController.swift */; };
		649400F029D30E0C00E82F7A /* Main.storyboard in Resources */ = {isa = PBXBuildFile; fileRef = 649400EE29D30E0C00E82F7A /* Main.storyboard */; };
		649400F229D30E0E00E82F7A /* Assets.xcassets in Resources */ = {isa = PBXBuildFile; fileRef = 649400F129D30E0E00E82F7A /* Assets.xcassets */; };
		649400F529D30E0E00E82F7A /* LaunchScreen.storyboard in Resources */ = {isa = PBXBuildFile; fileRef = 649400F329D30E0E00E82F7A /* LaunchScreen.storyboard */; };
		6494010029D30E5A00E82F7A /* CoinManager.swift in Sources */ = {isa = PBXBuildFile; fileRef = 649400FF29D30E5A00E82F7A /* CoinManager.swift */; };
		6494010229D30E6600E82F7A /* CoinData.swift in Sources */ = {isa = PBXBuildFile; fileRef = 6494010129D30E6600E82F7A /* CoinData.swift */; };
		6494010529D3440100E82F7A /* CurrencyData.swift in Sources */ = {isa = PBXBuildFile; fileRef = 6494010429D3440100E82F7A /* CurrencyData.swift */; };
		6494010D29D34A1F00E82F7A /* DS-DIGIT.TTF in Resources */ = {isa = PBXBuildFile; fileRef = 6494010829D34A1E00E82F7A /* DS-DIGIT.TTF */; };
		6494010E29D34A1F00E82F7A /* DS-DIGII.TTF in Resources */ = {isa = PBXBuildFile; fileRef = 6494010929D34A1F00E82F7A /* DS-DIGII.TTF */; };
		6494010F29D34A1F00E82F7A /* DS-DIGI.TTF in Resources */ = {isa = PBXBuildFile; fileRef = 6494010A29D34A1F00E82F7A /* DS-DIGI.TTF */; };
		6494011029D34A1F00E82F7A /* DS-DIGIB.TTF in Resources */ = {isa = PBXBuildFile; fileRef = 6494010B29D34A1F00E82F7A /* DS-DIGIB.TTF */; };
		6494011329D3510400E82F7A /* gif.gif in Resources */ = {isa = PBXBuildFile; fileRef = 6494011229D3510400E82F7A /* gif.gif */; };
		6494011629D3510B00E82F7A /* 2.png in Resources */ = {isa = PBXBuildFile; fileRef = 6494011429D3510B00E82F7A /* 2.png */; };
		6494011729D3510B00E82F7A /* 1.png in Resources */ = {isa = PBXBuildFile; fileRef = 6494011529D3510B00E82F7A /* 1.png */; };
/* End PBXBuildFile section */

/* Begin PBXFileReference section */
		649400E529D30E0C00E82F7A /* CoinTracker.app */ = {isa = PBXFileReference; explicitFileType = wrapper.application; includeInIndex = 0; path = CoinTracker.app; sourceTree = BUILT_PRODUCTS_DIR; };
		649400E829D30E0C00E82F7A /* AppDelegate.swift */ = {isa = PBXFileReference; lastKnownFileType = sourcecode.swift; path = AppDelegate.swift; sourceTree = "<group>"; };
		649400EA29D30E0C00E82F7A /* SceneDelegate.swift */ = {isa = PBXFileReference; lastKnownFileType = sourcecode.swift; path = SceneDelegate.swift; sourceTree = "<group>"; };
		649400EC29D30E0C00E82F7A /* ViewController.swift */ = {isa = PBXFileReference; lastKnownFileType = sourcecode.swift; path = ViewController.swift; sourceTree = "<group>"; };
		649400EF29D30E0C00E82F7A /* Base */ = {isa = PBXFileReference; lastKnownFileType = file.storyboard; name = Base; path = Base.lproj/Main.storyboard; sourceTree = "<group>"; };
		649400F129D30E0E00E82F7A /* Assets.xcassets */ = {isa = PBXFileReference; lastKnownFileType = folder.assetcatalog; path = Assets.xcassets; sourceTree = "<group>"; };
		649400F429D30E0E00E82F7A /* Base */ = {isa = PBXFileReference; lastKnownFileType = file.storyboard; name = Base; path = Base.lproj/LaunchScreen.storyboard; sourceTree = "<group>"; };
		649400F629D30E0E00E82F7A /* Info.plist */ = {isa = PBXFileReference; lastKnownFileType = text.plist.xml; path = Info.plist; sourceTree = "<group>"; };
		649400FF29D30E5A00E82F7A /* CoinManager.swift */ = {isa = PBXFileReference; lastKnownFileType = sourcecode.swift; path = CoinManager.swift; sourceTree = "<group>"; };
		6494010129D30E6600E82F7A /* CoinData.swift */ = {isa = PBXFileReference; lastKnownFileType = sourcecode.swift; path = CoinData.swift; sourceTree = "<group>"; };
		6494010329D33D6F00E82F7A /* Config.xcconfig */ = {isa = PBXFileReference; lastKnownFileType = text.xcconfig; path = Config.xcconfig; sourceTree = "<group>"; };
		6494010429D3440100E82F7A /* CurrencyData.swift */ = {isa = PBXFileReference; lastKnownFileType = sourcecode.swift; path = CurrencyData.swift; sourceTree = "<group>"; };
		6494010829D34A1E00E82F7A /* DS-DIGIT.TTF */ = {isa = PBXFileReference; lastKnownFileType = file; path = "DS-DIGIT.TTF"; sourceTree = "<group>"; };
		6494010929D34A1F00E82F7A /* DS-DIGII.TTF */ = {isa = PBXFileReference; lastKnownFileType = file; path = "DS-DIGII.TTF"; sourceTree = "<group>"; };
		6494010A29D34A1F00E82F7A /* DS-DIGI.TTF */ = {isa = PBXFileReference; lastKnownFileType = file; path = "DS-DIGI.TTF"; sourceTree = "<group>"; };
		6494010B29D34A1F00E82F7A /* DS-DIGIB.TTF */ = {isa = PBXFileReference; lastKnownFileType = file; path = "DS-DIGIB.TTF"; sourceTree = "<group>"; };
		6494011229D3510400E82F7A /* gif.gif */ = {isa = PBXFileReference; lastKnownFileType = image.gif; path = gif.gif; sourceTree = "<group>"; };
		6494011429D3510B00E82F7A /* 2.png */ = {isa = PBXFileReference; lastKnownFileType = image.png; path = 2.png; sourceTree = "<group>"; };
		6494011529D3510B00E82F7A /* 1.png */ = {isa = PBXFileReference; lastKnownFileType = image.png; path = 1.png; sourceTree = "<group>"; };
		6494011829D3513400E82F7A /* readme.md */ = {isa = PBXFileReference; lastKnownFileType = net.daringfireball.markdown; path = readme.md; sourceTree = "<group>"; };
/* End PBXFileReference section */

/* Begin PBXFrameworksBuildPhase section */
		649400E229D30E0C00E82F7A /* Frameworks */ = {
			isa = PBXFrameworksBuildPhase;
			buildActionMask = 2147483647;
			files = (
			);
			runOnlyForDeploymentPostprocessing = 0;
		};
/* End PBXFrameworksBuildPhase section */

/* Begin PBXGroup section */
		649400DC29D30E0C00E82F7A = {
			isa = PBXGroup;
			children = (
				6494011829D3513400E82F7A /* readme.md */,
				6494011129D350E600E82F7A /* Documentation */,
				649400E729D30E0C00E82F7A /* CoinTracker */,
				649400E629D30E0C00E82F7A /* Products */,
			);
			sourceTree = "<group>";
		};
		649400E629D30E0C00E82F7A /* Products */ = {
			isa = PBXGroup;
			children = (
				649400E529D30E0C00E82F7A /* CoinTracker.app */,
			);
			name = Products;
			sourceTree = "<group>";
		};
		649400E729D30E0C00E82F7A /* CoinTracker */ = {
			isa = PBXGroup;
			children = (
				6494010629D34A1100E82F7A /* Fonts */,
				649400FE29D30E3700E82F7A /* Controller */,
				649400FD29D30E3300E82F7A /* View */,
				649400FC29D30E2E00E82F7A /* Model */,
				649400E829D30E0C00E82F7A /* AppDelegate.swift */,
				649400EA29D30E0C00E82F7A /* SceneDelegate.swift */,
				649400F129D30E0E00E82F7A /* Assets.xcassets */,
				649400F329D30E0E00E82F7A /* LaunchScreen.storyboard */,
				649400F629D30E0E00E82F7A /* Info.plist */,
				6494010329D33D6F00E82F7A /* Config.xcconfig */,
			);
			path = CoinTracker;
			sourceTree = "<group>";
		};
		649400FC29D30E2E00E82F7A /* Model */ = {
			isa = PBXGroup;
			children = (
				649400FF29D30E5A00E82F7A /* CoinManager.swift */,
				6494010129D30E6600E82F7A /* CoinData.swift */,
				6494010429D3440100E82F7A /* CurrencyData.swift */,
			);
			path = Model;
			sourceTree = "<group>";
		};
		649400FD29D30E3300E82F7A /* View */ = {
			isa = PBXGroup;
			children = (
				649400EE29D30E0C00E82F7A /* Main.storyboard */,
			);
			path = View;
			sourceTree = "<group>";
		};
		649400FE29D30E3700E82F7A /* Controller */ = {
			isa = PBXGroup;
			children = (
				649400EC29D30E0C00E82F7A /* ViewController.swift */,
			);
			path = Controller;
			sourceTree = "<group>";
		};
		6494010629D34A1100E82F7A /* Fonts */ = {
			isa = PBXGroup;
			children = (
				6494010A29D34A1F00E82F7A /* DS-DIGI.TTF */,
				6494010B29D34A1F00E82F7A /* DS-DIGIB.TTF */,
				6494010929D34A1F00E82F7A /* DS-DIGII.TTF */,
				6494010829D34A1E00E82F7A /* DS-DIGIT.TTF */,
			);
			path = Fonts;
			sourceTree = "<group>";
		};
		6494011129D350E600E82F7A /* Documentation */ = {
			isa = PBXGroup;
			children = (
				6494011529D3510B00E82F7A /* 1.png */,
				6494011429D3510B00E82F7A /* 2.png */,
				6494011229D3510400E82F7A /* gif.gif */,
			);
			path = Documentation;
			sourceTree = "<group>";
		};
/* End PBXGroup section */

/* Begin PBXNativeTarget section */
		649400E429D30E0C00E82F7A /* CoinTracker */ = {
			isa = PBXNativeTarget;
			buildConfigurationList = 649400F929D30E0E00E82F7A /* Build configuration list for PBXNativeTarget "CoinTracker" */;
			buildPhases = (
				649400E129D30E0C00E82F7A /* Sources */,
				649400E229D30E0C00E82F7A /* Frameworks */,
				649400E329D30E0C00E82F7A /* Resources */,
			);
			buildRules = (
			);
			dependencies = (
			);
			name = CoinTracker;
			productName = CoinTracker;
			productReference = 649400E529D30E0C00E82F7A /* CoinTracker.app */;
			productType = "com.apple.product-type.application";
		};
/* End PBXNativeTarget section */

/* Begin PBXProject section */
		649400DD29D30E0C00E82F7A /* Project object */ = {
			isa = PBXProject;
			attributes = {
				BuildIndependentTargetsInParallel = 1;
				LastSwiftUpdateCheck = 1420;
				LastUpgradeCheck = 1420;
				TargetAttributes = {
					649400E429D30E0C00E82F7A = {
						CreatedOnToolsVersion = 14.2;
					};
				};
			};
			buildConfigurationList = 649400E029D30E0C00E82F7A /* Build configuration list for PBXProject "CoinTracker" */;
			compatibilityVersion = "Xcode 14.0";
			developmentRegion = en;
			hasScannedForEncodings = 0;
			knownRegions = (
				en,
				Base,
			);
			mainGroup = 649400DC29D30E0C00E82F7A;
			productRefGroup = 649400E629D30E0C00E82F7A /* Products */;
			projectDirPath = "";
			projectRoot = "";
			targets = (
				649400E429D30E0C00E82F7A /* CoinTracker */,
			);
		};
/* End PBXProject section */

/* Begin PBXResourcesBuildPhase section */
		649400E329D30E0C00E82F7A /* Resources */ = {
			isa = PBXResourcesBuildPhase;
			buildActionMask = 2147483647;
			files = (
				6494010D29D34A1F00E82F7A /* DS-DIGIT.TTF in Resources */,
				6494011729D3510B00E82F7A /* 1.png in Resources */,
				6494011329D3510400E82F7A /* gif.gif in Resources */,
				6494011629D3510B00E82F7A /* 2.png in Resources */,
				649400F529D30E0E00E82F7A /* LaunchScreen.storyboard in Resources */,
				649400F229D30E0E00E82F7A /* Assets.xcassets in Resources */,
				6494011029D34A1F00E82F7A /* DS-DIGIB.TTF in Resources */,
				649400F029D30E0C00E82F7A /* Main.storyboard in Resources */,
				6494010E29D34A1F00E82F7A /* DS-DIGII.TTF in Resources */,
				6494010F29D34A1F00E82F7A /* DS-DIGI.TTF in Resources */,
			);
			runOnlyForDeploymentPostprocessing = 0;
		};
/* End PBXResourcesBuildPhase section */

/* Begin PBXSourcesBuildPhase section */
		649400E129D30E0C00E82F7A /* Sources */ = {
			isa = PBXSourcesBuildPhase;
			buildActionMask = 2147483647;
			files = (
				6494010529D3440100E82F7A /* CurrencyData.swift in Sources */,
				6494010029D30E5A00E82F7A /* CoinManager.swift in Sources */,
				649400ED29D30E0C00E82F7A /* ViewController.swift in Sources */,
				6494010229D30E6600E82F7A /* CoinData.swift in Sources */,
				649400E929D30E0C00E82F7A /* AppDelegate.swift in Sources */,
				649400EB29D30E0C00E82F7A /* SceneDelegate.swift in Sources */,
			);
			runOnlyForDeploymentPostprocessing = 0;
		};
/* End PBXSourcesBuildPhase section */

/* Begin PBXVariantGroup section */
		649400EE29D30E0C00E82F7A /* Main.storyboard */ = {
			isa = PBXVariantGroup;
			children = (
				649400EF29D30E0C00E82F7A /* Base */,
			);
			name = Main.storyboard;
			sourceTree = "<group>";
		};
		649400F329D30E0E00E82F7A /* LaunchScreen.storyboard */ = {
			isa = PBXVariantGroup;
			children = (
				649400F429D30E0E00E82F7A /* Base */,
			);
			name = LaunchScreen.storyboard;
			sourceTree = "<group>";
		};
/* End PBXVariantGroup section */

/* Begin XCBuildConfiguration section */
		649400F729D30E0E00E82F7A /* Debug */ = {
			isa = XCBuildConfiguration;
			buildSettings = {
				ALWAYS_SEARCH_USER_PATHS = NO;
				CLANG_ANALYZER_NONNULL = YES;
				CLANG_ANALYZER_NUMBER_OBJECT_CONVERSION = YES_AGGRESSIVE;
				CLANG_CXX_LANGUAGE_STANDARD = "gnu++20";
				CLANG_ENABLE_MODULES = YES;
				CLANG_ENABLE_OBJC_ARC = YES;
				CLANG_ENABLE_OBJC_WEAK = YES;
				CLANG_WARN_BLOCK_CAPTURE_AUTORELEASING = YES;
				CLANG_WARN_BOOL_CONVERSION = YES;
				CLANG_WARN_COMMA = YES;
				CLANG_WARN_CONSTANT_CONVERSION = YES;
				CLANG_WARN_DEPRECATED_OBJC_IMPLEMENTATIONS = YES;
				CLANG_WARN_DIRECT_OBJC_ISA_USAGE = YES_ERROR;
				CLANG_WARN_DOCUMENTATION_COMMENTS = YES;
				CLANG_WARN_EMPTY_BODY = YES;
				CLANG_WARN_ENUM_CONVERSION = YES;
				CLANG_WARN_INFINITE_RECURSION = YES;
				CLANG_WARN_INT_CONVERSION = YES;
				CLANG_WARN_NON_LITERAL_NULL_CONVERSION = YES;
				CLANG_WARN_OBJC_IMPLICIT_RETAIN_SELF = YES;
				CLANG_WARN_OBJC_LITERAL_CONVERSION = YES;
				CLANG_WARN_OBJC_ROOT_CLASS = YES_ERROR;
				CLANG_WARN_QUOTED_INCLUDE_IN_FRAMEWORK_HEADER = YES;
				CLANG_WARN_RANGE_LOOP_ANALYSIS = YES;
				CLANG_WARN_STRICT_PROTOTYPES = YES;
				CLANG_WARN_SUSPICIOUS_MOVE = YES;
				CLANG_WARN_UNGUARDED_AVAILABILITY = YES_AGGRESSIVE;
				CLANG_WARN_UNREACHABLE_CODE = YES;
				CLANG_WARN__DUPLICATE_METHOD_MATCH = YES;
				COPY_PHASE_STRIP = NO;
				DEBUG_INFORMATION_FORMAT = dwarf;
				ENABLE_STRICT_OBJC_MSGSEND = YES;
				ENABLE_TESTABILITY = YES;
				GCC_C_LANGUAGE_STANDARD = gnu11;
				GCC_DYNAMIC_NO_PIC = NO;
				GCC_NO_COMMON_BLOCKS = YES;
				GCC_OPTIMIZATION_LEVEL = 0;
				GCC_PREPROCESSOR_DEFINITIONS = (
					"DEBUG=1",
					"$(inherited)",
				);
				GCC_WARN_64_TO_32_BIT_CONVERSION = YES;
				GCC_WARN_ABOUT_RETURN_TYPE = YES_ERROR;
				GCC_WARN_UNDECLARED_SELECTOR = YES;
				GCC_WARN_UNINITIALIZED_AUTOS = YES_AGGRESSIVE;
				GCC_WARN_UNUSED_FUNCTION = YES;
				GCC_WARN_UNUSED_VARIABLE = YES;
				IPHONEOS_DEPLOYMENT_TARGET = 16.2;
				MTL_ENABLE_DEBUG_INFO = INCLUDE_SOURCE;
				MTL_FAST_MATH = YES;
				ONLY_ACTIVE_ARCH = YES;
				SDKROOT = iphoneos;
				SWIFT_ACTIVE_COMPILATION_CONDITIONS = DEBUG;
				SWIFT_OPTIMIZATION_LEVEL = "-Onone";
			};
			name = Debug;
		};
		649400F829D30E0E00E82F7A /* Release */ = {
			isa = XCBuildConfiguration;
			buildSettings = {
				ALWAYS_SEARCH_USER_PATHS = NO;
				CLANG_ANALYZER_NONNULL = YES;
				CLANG_ANALYZER_NUMBER_OBJECT_CONVERSION = YES_AGGRESSIVE;
				CLANG_CXX_LANGUAGE_STANDARD = "gnu++20";
				CLANG_ENABLE_MODULES = YES;
				CLANG_ENABLE_OBJC_ARC = YES;
				CLANG_ENABLE_OBJC_WEAK = YES;
				CLANG_WARN_BLOCK_CAPTURE_AUTORELEASING = YES;
				CLANG_WARN_BOOL_CONVERSION = YES;
				CLANG_WARN_COMMA = YES;
				CLANG_WARN_CONSTANT_CONVERSION = YES;
				CLANG_WARN_DEPRECATED_OBJC_IMPLEMENTATIONS = YES;
				CLANG_WARN_DIRECT_OBJC_ISA_USAGE = YES_ERROR;
				CLANG_WARN_DOCUMENTATION_COMMENTS = YES;
				CLANG_WARN_EMPTY_BODY = YES;
				CLANG_WARN_ENUM_CONVERSION = YES;
				CLANG_WARN_INFINITE_RECURSION = YES;
				CLANG_WARN_INT_CONVERSION = YES;
				CLANG_WARN_NON_LITERAL_NULL_CONVERSION = YES;
				CLANG_WARN_OBJC_IMPLICIT_RETAIN_SELF = YES;
				CLANG_WARN_OBJC_LITERAL_CONVERSION = YES;
				CLANG_WARN_OBJC_ROOT_CLASS = YES_ERROR;
				CLANG_WARN_QUOTED_INCLUDE_IN_FRAMEWORK_HEADER = YES;
				CLANG_WARN_RANGE_LOOP_ANALYSIS = YES;
				CLANG_WARN_STRICT_PROTOTYPES = YES;
				CLANG_WARN_SUSPICIOUS_MOVE = YES;
				CLANG_WARN_UNGUARDED_AVAILABILITY = YES_AGGRESSIVE;
				CLANG_WARN_UNREACHABLE_CODE = YES;
				CLANG_WARN__DUPLICATE_METHOD_MATCH = YES;
				COPY_PHASE_STRIP = NO;
				DEBUG_INFORMATION_FORMAT = "dwarf-with-dsym";
				ENABLE_NS_ASSERTIONS = NO;
				ENABLE_STRICT_OBJC_MSGSEND = YES;
				GCC_C_LANGUAGE_STANDARD = gnu11;
				GCC_NO_COMMON_BLOCKS = YES;
				GCC_WARN_64_TO_32_BIT_CONVERSION = YES;
				GCC_WARN_ABOUT_RETURN_TYPE = YES_ERROR;
				GCC_WARN_UNDECLARED_SELECTOR = YES;
				GCC_WARN_UNINITIALIZED_AUTOS = YES_AGGRESSIVE;
				GCC_WARN_UNUSED_FUNCTION = YES;
				GCC_WARN_UNUSED_VARIABLE = YES;
				IPHONEOS_DEPLOYMENT_TARGET = 16.2;
				MTL_ENABLE_DEBUG_INFO = NO;
				MTL_FAST_MATH = YES;
				SDKROOT = iphoneos;
				SWIFT_COMPILATION_MODE = wholemodule;
				SWIFT_OPTIMIZATION_LEVEL = "-O";
				VALIDATE_PRODUCT = YES;
			};
			name = Release;
		};
		649400FA29D30E0E00E82F7A /* Debug */ = {
			isa = XCBuildConfiguration;
			baseConfigurationReference = 6494010329D33D6F00E82F7A /* Config.xcconfig */;
			buildSettings = {
				ASSETCATALOG_COMPILER_APPICON_NAME = AppIcon;
				ASSETCATALOG_COMPILER_GLOBAL_ACCENT_COLOR_NAME = AccentColor;
				CODE_SIGN_STYLE = Automatic;
				CURRENT_PROJECT_VERSION = 1;
				DEVELOPMENT_TEAM = 453J5S23QT;
				GENERATE_INFOPLIST_FILE = YES;
				INFOPLIST_FILE = CoinTracker/Info.plist;
				INFOPLIST_KEY_UIApplicationSupportsIndirectInputEvents = YES;
				INFOPLIST_KEY_UILaunchStoryboardName = LaunchScreen;
				INFOPLIST_KEY_UIMainStoryboardFile = Main;
				INFOPLIST_KEY_UISupportedInterfaceOrientations_iPad = "UIInterfaceOrientationPortrait UIInterfaceOrientationPortraitUpsideDown UIInterfaceOrientationLandscapeLeft UIInterfaceOrientationLandscapeRight";
				INFOPLIST_KEY_UISupportedInterfaceOrientations_iPhone = "UIInterfaceOrientationPortrait UIInterfaceOrientationLandscapeLeft UIInterfaceOrientationLandscapeRight";
				LD_RUNPATH_SEARCH_PATHS = (
					"$(inherited)",
					"@executable_path/Frameworks",
				);
				MARKETING_VERSION = 1.0;
				PRODUCT_BUNDLE_IDENTIFIER = com.shmorado.CoinTracker;
				PRODUCT_NAME = "$(TARGET_NAME)";
				SWIFT_EMIT_LOC_STRINGS = YES;
				SWIFT_VERSION = 5.0;
				TARGETED_DEVICE_FAMILY = "1,2";
			};
			name = Debug;
		};
		649400FB29D30E0E00E82F7A /* Release */ = {
			isa = XCBuildConfiguration;
			baseConfigurationReference = 6494010329D33D6F00E82F7A /* Config.xcconfig */;
			buildSettings = {
				ASSETCATALOG_COMPILER_APPICON_NAME = AppIcon;
				ASSETCATALOG_COMPILER_GLOBAL_ACCENT_COLOR_NAME = AccentColor;
				CODE_SIGN_STYLE = Automatic;
				CURRENT_PROJECT_VERSION = 1;
				DEVELOPMENT_TEAM = 453J5S23QT;
				GENERATE_INFOPLIST_FILE = YES;
				INFOPLIST_FILE = CoinTracker/Info.plist;
				INFOPLIST_KEY_UIApplicationSupportsIndirectInputEvents = YES;
				INFOPLIST_KEY_UILaunchStoryboardName = LaunchScreen;
				INFOPLIST_KEY_UIMainStoryboardFile = Main;
				INFOPLIST_KEY_UISupportedInterfaceOrientations_iPad = "UIInterfaceOrientationPortrait UIInterfaceOrientationPortraitUpsideDown UIInterfaceOrientationLandscapeLeft UIInterfaceOrientationLandscapeRight";
				INFOPLIST_KEY_UISupportedInterfaceOrientations_iPhone = "UIInterfaceOrientationPortrait UIInterfaceOrientationLandscapeLeft UIInterfaceOrientationLandscapeRight";
				LD_RUNPATH_SEARCH_PATHS = (
					"$(inherited)",
					"@executable_path/Frameworks",
				);
				MARKETING_VERSION = 1.0;
				PRODUCT_BUNDLE_IDENTIFIER = com.shmorado.CoinTracker;
				PRODUCT_NAME = "$(TARGET_NAME)";
				SWIFT_EMIT_LOC_STRINGS = YES;
				SWIFT_VERSION = 5.0;
				TARGETED_DEVICE_FAMILY = "1,2";
			};
			name = Release;
		};
/* End XCBuildConfiguration section */

/* Begin XCConfigurationList section */
		649400E029D30E0C00E82F7A /* Build configuration list for PBXProject "CoinTracker" */ = {
			isa = XCConfigurationList;
			buildConfigurations = (
				649400F729D30E0E00E82F7A /* Debug */,
				649400F829D30E0E00E82F7A /* Release */,
			);
			defaultConfigurationIsVisible = 0;
			defaultConfigurationName = Release;
		};
		649400F929D30E0E00E82F7A /* Build configuration list for PBXNativeTarget "CoinTracker" */ = {
			isa = XCConfigurationList;
			buildConfigurations = (
				649400FA29D30E0E00E82F7A /* Debug */,
				649400FB29D30E0E00E82F7A /* Release */,
			);
			defaultConfigurationIsVisible = 0;
			defaultConfigurationName = Release;
		};
/* End XCConfigurationList section */
	};
	rootObject = 649400DD29D30E0C00E82F7A /* Project object */;
}
